
Microsoft Visual Studio Solution File, Format Version 12.00
# Visual Studio Version 16
VisualStudioVersion = 16.0.30413.136
MinimumVisualStudioVersion = 10.0.40219.1
Project("{FAE04EC0-301F-11D3-BF4B-00C04F79EFBC}") = "PasswordManager.Android", "PasswordManager.Android\PasswordManager.Android.csproj", "{6907C6F6-8690-40E9-8C4F-09781E41B364}"
EndProject
Project("{FAE04EC0-301F-11D3-BF4B-00C04F79EFBC}") = "PasswordManager.iOS", "PasswordManager.iOS\PasswordManager.iOS.csproj", "{76A11530-9AF3-4445-9E9A-C872DD270EBC}"
EndProject
Project("{FAE04EC0-301F-11D3-BF4B-00C04F79EFBC}") = "PasswordManager", "PasswordManager\PasswordManager.csproj", "{9CB115E8-CBAF-4DC7-927D-96B2DDBAB179}"
EndProject
Global
	GlobalSection(SolutionConfigurationPlatforms) = preSolution
		Debug|Any CPU = Debug|Any CPU
		Debug|iPhone = Debug|iPhone
		Debug|iPhoneSimulator = Debug|iPhoneSimulator
		Release|Any CPU = Release|Any CPU
		Release|iPhone = Release|iPhone
		Release|iPhoneSimulator = Release|iPhoneSimulator
	EndGlobalSection
	GlobalSection(ProjectConfigurationPlatforms) = postSolution
		{6907C6F6-8690-40E9-8C4F-09781E41B364}.Debug|Any CPU.ActiveCfg = Debug|Any CPU
		{6907C6F6-8690-40E9-8C4F-09781E41B364}.Debug|Any CPU.Build.0 = Debug|Any CPU
		{6907C6F6-8690-40E9-8C4F-09781E41B364}.Debug|Any CPU.Deploy.0 = Debug|Any CPU
		{6907C6F6-8690-40E9-8C4F-09781E41B364}.Debug|iPhone.ActiveCfg = Debug|Any CPU
		{6907C6F6-8690-40E9-8C4F-09781E41B364}.Debug|iPhone.Build.0 = Debug|Any CPU
		{6907C6F6-8690-40E9-8C4F-09781E41B364}.Debug|iPhone.Deploy.0 = Debug|Any CPU
		{6907C6F6-8690-40E9-8C4F-09781E41B364}.Debug|iPhoneSimulator.ActiveCfg = Debug|Any CPU
		{6907C6F6-8690-40E9-8C4F-09781E41B364}.Debug|iPhoneSimulator.Build.0 = Debug|Any CPU
		{6907C6F6-8690-40E9-8C4F-09781E41B364}.Debug|iPhoneSimulator.Deploy.0 = Debug|Any CPU
		{6907C6F6-8690-40E9-8C4F-09781E41B364}.Release|Any CPU.ActiveCfg = Release|Any CPU
		{6907C6F6-8690-40E9-8C4F-09781E41B364}.Release|Any CPU.Build.0 = Release|Any CPU
		{6907C6F6-8690-40E9-8C4F-09781E41B364}.Release|Any CPU.Deploy.0 = Release|Any CPU
		{6907C6F6-8690-40E9-8C4F-09781E41B364}.Release|iPhone.ActiveCfg = Release|Any CPU
		{6907C6F6-8690-40E9-8C4F-09781E41B364}.Release|iPhone.Build.0 = Release|Any CPU
		{6907C6F6-8690-40E9-8C4F-09781E41B364}.Release|iPhone.Deploy.0 = Release|Any CPU
		{6907C6F6-8690-40E9-8C4F-09781E41B364}.Release|iPhoneSimulator.ActiveCfg = Release|Any CPU
		{6907C6F6-8690-40E9-8C4F-09781E41B364}.Release|iPhoneSimulator.Build.0 = Release|Any CPU
		{6907C6F6-8690-40E9-8C4F-09781E41B364}.Release|iPhoneSimulator.Deploy.0 = Release|Any CPU
		{76A11530-9AF3-4445-9E9A-C872DD270EBC}.Debug|Any CPU.ActiveCfg = Debug|iPhone
		{76A11530-9AF3-4445-9E9A-C872DD270EBC}.Debug|Any CPU.Build.0 = Debug|iPhone
		{76A11530-9AF3-4445-9E9A-C872DD270EBC}.Debug|Any CPU.Deploy.0 = Debug|iPhone
		{76A11530-9AF3-4445-9E9A-C872DD270EBC}.Debug|iPhone.ActiveCfg = Debug|iPhone
		{76A11530-9AF3-4445-9E9A-C872DD270EBC}.Debug|iPhone.Build.0 = Debug|iPhone
		{76A11530-9AF3-4445-9E9A-C872DD270EBC}.Debug|iPhone.Deploy.0 = Debug|iPhone
		{76A11530-9AF3-4445-9E9A-C872DD270EBC}.Debug|iPhoneSimulator.ActiveCfg = Debug|iPhoneSimulator
		{76A11530-9AF3-4445-9E9A-C872DD270EBC}.Debug|iPhoneSimulator.Build.0 = Debug|iPhoneSimulator
		{76A11530-9AF3-4445-9E9A-C872DD270EBC}.Debug|iPhoneSimulator.Deploy.0 = Debug|iPhoneSimulator
		{76A11530-9AF3-4445-9E9A-C872DD270EBC}.Release|Any CPU.ActiveCfg = Release|iPhone
		{76A11530-9AF3-4445-9E9A-C872DD270EBC}.Release|Any CPU.Build.0 = Release|iPhone
		{76A11530-9AF3-4445-9E9A-C872DD270EBC}.Release|Any CPU.Deploy.0 = Release|iPhone
		{76A11530-9AF3-4445-9E9A-C872DD270EBC}.Release|iPhone.ActiveCfg = Release|iPhone
		{76A11530-9AF3-4445-9E9A-C872DD270EBC}.Release|iPhone.Build.0 = Release|iPhone
		{76A11530-9AF3-4445-9E9A-C872DD270EBC}.Release|iPhone.Deploy.0 = Release|iPhone
		{76A11530-9AF3-4445-9E9A-C872DD270EBC}.Release|iPhoneSimulator.ActiveCfg = Release|iPhoneSimulator
		{76A11530-9AF3-4445-9E9A-C872DD270EBC}.Release|iPhoneSimulator.Build.0 = Release|iPhoneSimulator
		{76A11530-9AF3-4445-9E9A-C872DD270EBC}.Release|iPhoneSimulator.Deploy.0 = Release|iPhoneSimulator
		{9CB115E8-CBAF-4DC7-927D-96B2DDBAB179}.Debug|Any CPU.ActiveCfg = Debug|Any CPU
		{9CB115E8-CBAF-4DC7-927D-96B2DDBAB179}.Debug|Any CPU.Build.0 = Debug|Any CPU
		{9CB115E8-CBAF-4DC7-927D-96B2DDBAB179}.Debug|Any CPU.Deploy.0 = Debug|Any CPU
		{9CB115E8-CBAF-4DC7-927D-96B2DDBAB179}.Debug|iPhone.ActiveCfg = Debug|Any CPU
		{9CB115E8-CBAF-4DC7-927D-96B2DDBAB179}.Debug|iPhone.Build.0 = Debug|Any CPU
		{9CB115E8-CBAF-4DC7-927D-96B2DDBAB179}.Debug|iPhone.Deploy.0 = Debug|Any CPU
		{9CB115E8-CBAF-4DC7-927D-96B2DDBAB179}.Debug|iPhoneSimulator.ActiveCfg = Debug|Any CPU
		{9CB115E8-CBAF-4DC7-927D-96B2DDBAB179}.Debug|iPhoneSimulator.Build.0 = Debug|Any CPU
		{9CB115E8-CBAF-4DC7-927D-96B2DDBAB179}.Debug|iPhoneSimulator.Deploy.0 = Debug|Any CPU
		{9CB115E8-CBAF-4DC7-927D-96B2DDBAB179}.Release|Any CPU.ActiveCfg = Release|Any CPU
		{9CB115E8-CBAF-4DC7-927D-96B2DDBAB179}.Release|Any CPU.Build.0 = Release|Any CPU
		{9CB115E8-CBAF-4DC7-927D-96B2DDBAB179}.Release|Any CPU.Deploy.0 = Release|Any CPU
		{9CB115E8-CBAF-4DC7-927D-96B2DDBAB179}.Release|iPhone.ActiveCfg = Release|Any CPU
		{9CB115E8-CBAF-4DC7-927D-96B2DDBAB179}.Release|iPhone.Build.0 = Release|Any CPU
		{9CB115E8-CBAF-4DC7-927D-96B2DDBAB179}.Release|iPhone.Deploy.0 = Release|Any CPU
		{9CB115E8-CBAF-4DC7-927D-96B2DDBAB179}.Release|iPhoneSimulator.ActiveCfg = Release|Any CPU
		{9CB115E8-CBAF-4DC7-927D-96B2DDBAB179}.Release|iPhoneSimulator.Build.0 = Release|Any CPU
		{9CB115E8-CBAF-4DC7-927D-96B2DDBAB179}.Release|iPhoneSimulator.Deploy.0 = Release|Any CPU
	EndGlobalSection
	GlobalSection(SolutionProperties) = preSolution
		HideSolutionNode = FALSE
	EndGlobalSection
	GlobalSection(ExtensibilityGlobals) = postSolution
		SolutionGuid = {1908013A-DBC3-4C79-8445-3616C3E36FC5}
	EndGlobalSection
EndGlobal
